
Microsoft Visual Studio Solution File, Format Version 12.00
# Visual Studio Version 16
VisualStudioVersion = 16.0.30011.22
MinimumVisualStudioVersion = 10.0.40219.1
Project("{FAE04EC0-301F-11D3-BF4B-00C04F79EFBC}") = "CourseProjectCMD", "..\CourseProject.CMD\CourseProjectCMD.csproj", "{E69193D5-F2B9-41D1-88D1-AFCE643174DE}"
EndProject
Project("{FAE04EC0-301F-11D3-BF4B-00C04F79EFBC}") = "CourseProjectBL", "..\CourseProject.BL\CourseProjectBL.csproj", "{C32525D2-F8F2-4CA4-8EFA-47B680D531CB}"
EndProject
Global
	GlobalSection(SolutionConfigurationPlatforms) = preSolution
		Debug|Any CPU = Debug|Any CPU
		Release|Any CPU = Release|Any CPU
	EndGlobalSection
	GlobalSection(ProjectConfigurationPlatforms) = postSolution
		{E69193D5-F2B9-41D1-88D1-AFCE643174DE}.Debug|Any CPU.ActiveCfg = Debug|Any CPU
		{E69193D5-F2B9-41D1-88D1-AFCE643174DE}.Debug|Any CPU.Build.0 = Debug|Any CPU
		{E69193D5-F2B9-41D1-88D1-AFCE643174DE}.Release|Any CPU.ActiveCfg = Release|Any CPU
		{E69193D5-F2B9-41D1-88D1-AFCE643174DE}.Release|Any CPU.Build.0 = Release|Any CPU
		{C32525D2-F8F2-4CA4-8EFA-47B680D531CB}.Debug|Any CPU.ActiveCfg = Debug|Any CPU
		{C32525D2-F8F2-4CA4-8EFA-47B680D531CB}.Debug|Any CPU.Build.0 = Debug|Any CPU
		{C32525D2-F8F2-4CA4-8EFA-47B680D531CB}.Release|Any CPU.ActiveCfg = Release|Any CPU
		{C32525D2-F8F2-4CA4-8EFA-47B680D531CB}.Release|Any CPU.Build.0 = Release|Any CPU
	EndGlobalSection
	GlobalSection(SolutionProperties) = preSolution
		HideSolutionNode = FALSE
	EndGlobalSection
	GlobalSection(ExtensibilityGlobals) = postSolution
		SolutionGuid = {911A25E8-6695-4645-AED6-A799F85F4512}
	EndGlobalSection
EndGlobal
